
Microsoft Visual Studio Solution File, Format Version 12.00
# Visual Studio 15
VisualStudioVersion = 15.0.26730.16
MinimumVisualStudioVersion = 10.0.40219.1
Project("{FAE04EC0-301F-11D3-BF4B-00C04F79EFBC}") = "Session2", "Session2\Session2.csproj", "{7315B314-43BF-4AA6-B8BC-59E25691AF24}"
EndProject
Global
	GlobalSection(SolutionConfigurationPlatforms) = preSolution
		Debug|Any CPU = Debug|Any CPU
		Release|Any CPU = Release|Any CPU
	EndGlobalSection
	GlobalSection(ProjectConfigurationPlatforms) = postSolution
		{7315B314-43BF-4AA6-B8BC-59E25691AF24}.Debug|Any CPU.ActiveCfg = Debug|Any CPU
		{7315B314-43BF-4AA6-B8BC-59E25691AF24}.Debug|Any CPU.Build.0 = Debug|Any CPU
		{7315B314-43BF-4AA6-B8BC-59E25691AF24}.Release|Any CPU.ActiveCfg = Release|Any CPU
		{7315B314-43BF-4AA6-B8BC-59E25691AF24}.Release|Any CPU.Build.0 = Release|Any CPU
	EndGlobalSection
	GlobalSection(SolutionProperties) = preSolution
		HideSolutionNode = FALSE
	EndGlobalSection
	GlobalSection(ExtensibilityGlobals) = postSolution
		SolutionGuid = {A53E0B0E-C3C7-4B29-8C24-8E436C544EB0}
	EndGlobalSection
EndGlobal
